
Microsoft Visual Studio Solution File, Format Version 12.00
# Visual Studio Version 18
VisualStudioVersion = 18.7.11925.98
MinimumVisualStudioVersion = 10.0.40219.1
Project("{FAE04EC0-301F-11D3-BF4B-00C04F79EFBC}") = "AutoSysJilBlazor", "AutoSysJilBlazor\AutoSysJilBlazor.csproj", "{A7DB890A-183E-4522-F59E-960C06308A64}"
EndProject
Project("{FAE04EC0-301F-11D3-BF4B-00C04F79EFBC}") = "AutoSysJilBlazor.Tests", "AutoSysJilBlazor.Tests\AutoSysJilBlazor.Tests.csproj", "{EE13C07D-D5FD-4256-A62B-05098A393D61}"
EndProject
Global
	GlobalSection(SolutionConfigurationPlatforms) = preSolution
		Debug|Any CPU = Debug|Any CPU
		Debug|x64 = Debug|x64
		Debug|x86 = Debug|x86
		Development|Any CPU = Development|Any CPU
		Development|x64 = Development|x64
		Development|x86 = Development|x86
		Release|Any CPU = Release|Any CPU
		Release|x64 = Release|x64
		Release|x86 = Release|x86
	EndGlobalSection
	GlobalSection(ProjectConfigurationPlatforms) = postSolution
		{A7DB890A-183E-4522-F59E-960C06308A64}.Debug|Any CPU.ActiveCfg = Debug|Any CPU
		{A7DB890A-183E-4522-F59E-960C06308A64}.Debug|Any CPU.Build.0 = Debug|Any CPU
		{A7DB890A-183E-4522-F59E-960C06308A64}.Debug|x64.ActiveCfg = Debug|Any CPU
		{A7DB890A-183E-4522-F59E-960C06308A64}.Debug|x64.Build.0 = Debug|Any CPU
		{A7DB890A-183E-4522-F59E-960C06308A64}.Debug|x86.ActiveCfg = Debug|Any CPU
		{A7DB890A-183E-4522-F59E-960C06308A64}.Debug|x86.Build.0 = Debug|Any CPU
		{A7DB890A-183E-4522-F59E-960C06308A64}.Development|Any CPU.ActiveCfg = Release|Any CPU
		{A7DB890A-183E-4522-F59E-960C06308A64}.Development|Any CPU.Build.0 = Release|Any CPU
		{A7DB890A-183E-4522-F59E-960C06308A64}.Development|x64.ActiveCfg = Development|Any CPU
		{A7DB890A-183E-4522-F59E-960C06308A64}.Development|x64.Build.0 = Development|Any CPU
		{A7DB890A-183E-4522-F59E-960C06308A64}.Development|x86.ActiveCfg = Development|Any CPU
		{A7DB890A-183E-4522-F59E-960C06308A64}.Development|x86.Build.0 = Development|Any CPU
		{A7DB890A-183E-4522-F59E-960C06308A64}.Release|Any CPU.ActiveCfg = Release|Any CPU
		{A7DB890A-183E-4522-F59E-960C06308A64}.Release|Any CPU.Build.0 = Release|Any CPU
		{A7DB890A-183E-4522-F59E-960C06308A64}.Release|x64.ActiveCfg = Release|Any CPU
		{A7DB890A-183E-4522-F59E-960C06308A64}.Release|x64.Build.0 = Release|Any CPU
		{A7DB890A-183E-4522-F59E-960C06308A64}.Release|x86.ActiveCfg = Release|Any CPU
		{A7DB890A-183E-4522-F59E-960C06308A64}.Release|x86.Build.0 = Release|Any CPU
		{EE13C07D-D5FD-4256-A62B-05098A393D61}.Debug|Any CPU.ActiveCfg = Debug|Any CPU
		{EE13C07D-D5FD-4256-A62B-05098A393D61}.Debug|Any CPU.Build.0 = Debug|Any CPU
		{EE13C07D-D5FD-4256-A62B-05098A393D61}.Debug|x64.ActiveCfg = Debug|Any CPU
		{EE13C07D-D5FD-4256-A62B-05098A393D61}.Debug|x64.Build.0 = Debug|Any CPU
		{EE13C07D-D5FD-4256-A62B-05098A393D61}.Debug|x86.ActiveCfg = Debug|Any CPU
		{EE13C07D-D5FD-4256-A62B-05098A393D61}.Debug|x86.Build.0 = Debug|Any CPU
		{EE13C07D-D5FD-4256-A62B-05098A393D61}.Development|Any CPU.ActiveCfg = Debug|Any CPU
		{EE13C07D-D5FD-4256-A62B-05098A393D61}.Development|Any CPU.Build.0 = Debug|Any CPU
		{EE13C07D-D5FD-4256-A62B-05098A393D61}.Development|x64.ActiveCfg = Debug|Any CPU
		{EE13C07D-D5FD-4256-A62B-05098A393D61}.Development|x64.Build.0 = Debug|Any CPU
		{EE13C07D-D5FD-4256-A62B-05098A393D61}.Development|x86.ActiveCfg = Debug|Any CPU
		{EE13C07D-D5FD-4256-A62B-05098A393D61}.Development|x86.Build.0 = Debug|Any CPU
		{EE13C07D-D5FD-4256-A62B-05098A393D61}.Release|Any CPU.ActiveCfg = Release|Any CPU
		{EE13C07D-D5FD-4256-A62B-05098A393D61}.Release|Any CPU.Build.0 = Release|Any CPU
		{EE13C07D-D5FD-4256-A62B-05098A393D61}.Release|x64.ActiveCfg = Release|Any CPU
		{EE13C07D-D5FD-4256-A62B-05098A393D61}.Release|x64.Build.0 = Release|Any CPU
		{EE13C07D-D5FD-4256-A62B-05098A393D61}.Release|x86.ActiveCfg = Release|Any CPU
		{EE13C07D-D5FD-4256-A62B-05098A393D61}.Release|x86.Build.0 = Release|Any CPU
	EndGlobalSection
	GlobalSection(SolutionProperties) = preSolution
		HideSolutionNode = FALSE
	EndGlobalSection
	GlobalSection(ExtensibilityGlobals) = postSolution
		SolutionGuid = {B0A0D751-16BB-4716-8E0A-AD2EF1F1BEF3}
	EndGlobalSection
EndGlobal
